// !$*UTF8*$!
{
	archiveVersion = 1;
	classes = {
	};
	objectVersion = 60;
	objects = {

/* Begin PBXBuildFile section */
		A95BADF42B7A3AC3007DB7D3 /* MakepadSample in Frameworks */ = {isa = PBXBuildFile; productRef = A95BADF32B7A3AC3007DB7D3 /* MakepadSample */; };
		A9C0E48A2B5E8B4F00453744 /* MakepadLibrarySampleApp.swift in Sources */ = {isa = PBXBuildFile; fileRef = A9C0E4892B5E8B4F00453744 /* MakepadLibrarySampleApp.swift */; };
		A9C0E48C2B5E8B4F00453744 /* ContentView.swift in Sources */ = {isa = PBXBuildFile; fileRef = A9C0E48B2B5E8B4F00453744 /* ContentView.swift */; };
		A9C0E48E2B5E8B5000453744 /* Assets.xcassets in Resources */ = {isa = PBXBuildFile; fileRef = A9C0E48D2B5E8B5000453744 /* Assets.xcassets */; };
		A9C0E4912B5E8B5000453744 /* Preview Assets.xcassets in Resources */ = {isa = PBXBuildFile; fileRef = A9C0E4902B5E8B5000453744 /* Preview Assets.xcassets */; };
		A9C0E4A32B5E90C800453744 /* CoreAudio.framework in Frameworks */ = {isa = PBXBuildFile; fileRef = A9C0E49B2B5E8D6400453744 /* CoreAudio.framework */; };
		A9C0E4A42B5E90CE00453744 /* CoreGraphics.framework in Frameworks */ = {isa = PBXBuildFile; fileRef = A9C0E4A12B5E8E3100453744 /* CoreGraphics.framework */; };
		A9C0E4A62B5E90EA00453744 /* AVKit.framework in Frameworks */ = {isa = PBXBuildFile; fileRef = A9C0E4A52B5E90EA00453744 /* AVKit.framework */; };
		A9C0E4A82B5E90EF00453744 /* CoreMIDI.framework in Frameworks */ = {isa = PBXBuildFile; fileRef = A9C0E4A72B5E90EF00453744 /* CoreMIDI.framework */; };
/* End PBXBuildFile section */

/* Begin PBXFileReference section */
		A95BAE132B7A4B1A007DB7D3 /* Info.plist */ = {isa = PBXFileReference; lastKnownFileType = text.plist; path = Info.plist; sourceTree = "<group>"; };
		A9C0E4862B5E8B4F00453744 /* MakepadLibrarySample.app */ = {isa = PBXFileReference; explicitFileType = wrapper.application; includeInIndex = 0; path = MakepadLibrarySample.app; sourceTree = BUILT_PRODUCTS_DIR; };
		A9C0E4892B5E8B4F00453744 /* MakepadLibrarySampleApp.swift */ = {isa = PBXFileReference; lastKnownFileType = sourcecode.swift; path = MakepadLibrarySampleApp.swift; sourceTree = "<group>"; };
		A9C0E48B2B5E8B4F00453744 /* ContentView.swift */ = {isa = PBXFileReference; lastKnownFileType = sourcecode.swift; path = ContentView.swift; sourceTree = "<group>"; };
		A9C0E48D2B5E8B5000453744 /* Assets.xcassets */ = {isa = PBXFileReference; lastKnownFileType = folder.assetcatalog; path = Assets.xcassets; sourceTree = "<group>"; };
		A9C0E4902B5E8B5000453744 /* Preview Assets.xcassets */ = {isa = PBXFileReference; lastKnownFileType = folder.assetcatalog; path = "Preview Assets.xcassets"; sourceTree = "<group>"; };
		A9C0E49B2B5E8D6400453744 /* CoreAudio.framework */ = {isa = PBXFileReference; lastKnownFileType = wrapper.framework; name = CoreAudio.framework; path = System/Library/Frameworks/CoreAudio.framework; sourceTree = SDKROOT; };
		A9C0E49D2B5E8D7A00453744 /* CoreAudioTypes.framework */ = {isa = PBXFileReference; lastKnownFileType = wrapper.framework; name = CoreAudioTypes.framework; path = System/Library/Frameworks/CoreAudioTypes.framework; sourceTree = SDKROOT; };
		A9C0E49F2B5E8D8E00453744 /* CoreAudioKit.framework */ = {isa = PBXFileReference; lastKnownFileType = wrapper.framework; name = CoreAudioKit.framework; path = System/Library/Frameworks/CoreAudioKit.framework; sourceTree = SDKROOT; };
		A9C0E4A12B5E8E3100453744 /* CoreGraphics.framework */ = {isa = PBXFileReference; lastKnownFileType = wrapper.framework; name = CoreGraphics.framework; path = System/Library/Frameworks/CoreGraphics.framework; sourceTree = SDKROOT; };
		A9C0E4A52B5E90EA00453744 /* AVKit.framework */ = {isa = PBXFileReference; lastKnownFileType = wrapper.framework; name = AVKit.framework; path = System/Library/Frameworks/AVKit.framework; sourceTree = SDKROOT; };
		A9C0E4A72B5E90EF00453744 /* CoreMIDI.framework */ = {isa = PBXFileReference; lastKnownFileType = wrapper.framework; name = CoreMIDI.framework; path = System/Library/Frameworks/CoreMIDI.framework; sourceTree = SDKROOT; };
/* End PBXFileReference section */

/* Begin PBXFrameworksBuildPhase section */
		A9C0E4832B5E8B4F00453744 /* Frameworks */ = {
			isa = PBXFrameworksBuildPhase;
			buildActionMask = 2147483647;
			files = (
				A95BADF42B7A3AC3007DB7D3 /* MakepadSample in Frameworks */,
				A9C0E4A42B5E90CE00453744 /* CoreGraphics.framework in Frameworks */,
				A9C0E4A32B5E90C800453744 /* CoreAudio.framework in Frameworks */,
				A9C0E4A62B5E90EA00453744 /* AVKit.framework in Frameworks */,
				A9C0E4A82B5E90EF00453744 /* CoreMIDI.framework in Frameworks */,
			);
			runOnlyForDeploymentPostprocessing = 0;
		};
/* End PBXFrameworksBuildPhase section */

/* Begin PBXGroup section */
		A9C0E47D2B5E8B4E00453744 = {
			isa = PBXGroup;
			children = (
				A9C0E4882B5E8B4F00453744 /* MakepadLibrarySample */,
				A9C0E4872B5E8B4F00453744 /* Products */,
				A9C0E49A2B5E8D6400453744 /* Frameworks */,
			);
			sourceTree = "<group>";
		};
		A9C0E4872B5E8B4F00453744 /* Products */ = {
			isa = PBXGroup;
			children = (
				A9C0E4862B5E8B4F00453744 /* MakepadLibrarySample.app */,
			);
			name = Products;
			sourceTree = "<group>";
		};
		A9C0E4882B5E8B4F00453744 /* MakepadLibrarySample */ = {
			isa = PBXGroup;
			children = (
				A95BAE132B7A4B1A007DB7D3 /* Info.plist */,
				A9C0E4892B5E8B4F00453744 /* MakepadLibrarySampleApp.swift */,
				A9C0E48B2B5E8B4F00453744 /* ContentView.swift */,
				A9C0E48D2B5E8B5000453744 /* Assets.xcassets */,
				A9C0E48F2B5E8B5000453744 /* Preview Content */,
			);
			path = MakepadLibrarySample;
			sourceTree = "<group>";
		};
		A9C0E48F2B5E8B5000453744 /* Preview Content */ = {
			isa = PBXGroup;
			children = (
				A9C0E4902B5E8B5000453744 /* Preview Assets.xcassets */,
			);
			path = "Preview Content";
			sourceTree = "<group>";
		};
		A9C0E49A2B5E8D6400453744 /* Frameworks */ = {
			isa = PBXGroup;
			children = (
				A9C0E4A72B5E90EF00453744 /* CoreMIDI.framework */,
				A9C0E4A52B5E90EA00453744 /* AVKit.framework */,
				A9C0E4A12B5E8E3100453744 /* CoreGraphics.framework */,
				A9C0E49F2B5E8D8E00453744 /* CoreAudioKit.framework */,
				A9C0E49D2B5E8D7A00453744 /* CoreAudioTypes.framework */,
				A9C0E49B2B5E8D6400453744 /* CoreAudio.framework */,
			);
			name = Frameworks;
			sourceTree = "<group>";
		};
/* End PBXGroup section */

/* Begin PBXNativeTarget section */
		A9C0E4852B5E8B4F00453744 /* MakepadLibrarySample */ = {
			isa = PBXNativeTarget;
			buildConfigurationList = A9C0E4942B5E8B5000453744 /* Build configuration list for PBXNativeTarget "MakepadLibrarySample" */;
			buildPhases = (
				A9C0E4822B5E8B4F00453744 /* Sources */,
				A9C0E4832B5E8B4F00453744 /* Frameworks */,
				A9C0E4842B5E8B4F00453744 /* Resources */,
			);
			buildRules = (
			);
			dependencies = (
			);
			name = MakepadLibrarySample;
			packageProductDependencies = (
				A95BADF32B7A3AC3007DB7D3 /* MakepadSample */,
			);
			productName = MakepadLibrarySample;
			productReference = A9C0E4862B5E8B4F00453744 /* MakepadLibrarySample.app */;
			productType = "com.apple.product-type.application";
		};
/* End PBXNativeTarget section */

/* Begin PBXProject section */
		A9C0E47E2B5E8B4F00453744 /* Project object */ = {
			isa = PBXProject;
			attributes = {
				BuildIndependentTargetsInParallel = 1;
				LastSwiftUpdateCheck = 1520;
				LastUpgradeCheck = 1520;
				TargetAttributes = {
					A9C0E4852B5E8B4F00453744 = {
						CreatedOnToolsVersion = 15.2;
					};
				};
			};
			buildConfigurationList = A9C0E4812B5E8B4F00453744 /* Build configuration list for PBXProject "MakepadLibrarySample" */;
			compatibilityVersion = "Xcode 14.0";
			developmentRegion = en;
			hasScannedForEncodings = 0;
			knownRegions = (
				en,
				Base,
			);
			mainGroup = A9C0E47D2B5E8B4E00453744;
			packageReferences = (
				A95BADF22B7A3AC3007DB7D3 /* XCLocalSwiftPackageReference ".." */,
			);
			productRefGroup = A9C0E4872B5E8B4F00453744 /* Products */;
			projectDirPath = "";
			projectRoot = "";
			targets = (
				A9C0E4852B5E8B4F00453744 /* MakepadLibrarySample */,
			);
		};
/* End PBXProject section */

/* Begin PBXResourcesBuildPhase section */
		A9C0E4842B5E8B4F00453744 /* Resources */ = {
			isa = PBXResourcesBuildPhase;
			buildActionMask = 2147483647;
			files = (
				A9C0E4912B5E8B5000453744 /* Preview Assets.xcassets in Resources */,
				A9C0E48E2B5E8B5000453744 /* Assets.xcassets in Resources */,
			);
			runOnlyForDeploymentPostprocessing = 0;
		};
/* End PBXResourcesBuildPhase section */

/* Begin PBXSourcesBuildPhase section */
		A9C0E4822B5E8B4F00453744 /* Sources */ = {
			isa = PBXSourcesBuildPhase;
			buildActionMask = 2147483647;
			files = (
				A9C0E48C2B5E8B4F00453744 /* ContentView.swift in Sources */,
				A9C0E48A2B5E8B4F00453744 /* MakepadLibrarySampleApp.swift in Sources */,
			);
			runOnlyForDeploymentPostprocessing = 0;
		};
/* End PBXSourcesBuildPhase section */

/* Begin XCBuildConfiguration section */
		A9C0E4922B5E8B5000453744 /* Debug */ = {
			isa = XCBuildConfiguration;
			buildSettings = {
				ALWAYS_SEARCH_USER_PATHS = NO;
				ASSETCATALOG_COMPILER_GENERATE_SWIFT_ASSET_SYMBOL_EXTENSIONS = YES;
				CLANG_ANALYZER_NONNULL = YES;
				CLANG_ANALYZER_NUMBER_OBJECT_CONVERSION = YES_AGGRESSIVE;
				CLANG_CXX_LANGUAGE_STANDARD = "gnu++20";
				CLANG_ENABLE_MODULES = YES;
				CLANG_ENABLE_OBJC_ARC = YES;
				CLANG_ENABLE_OBJC_WEAK = YES;
				CLANG_WARN_BLOCK_CAPTURE_AUTORELEASING = YES;
				CLANG_WARN_BOOL_CONVERSION = YES;
				CLANG_WARN_COMMA = YES;
				CLANG_WARN_CONSTANT_CONVERSION = YES;
				CLANG_WARN_DEPRECATED_OBJC_IMPLEMENTATIONS = YES;
				CLANG_WARN_DIRECT_OBJC_ISA_USAGE = YES_ERROR;
				CLANG_WARN_DOCUMENTATION_COMMENTS = YES;
				CLANG_WARN_EMPTY_BODY = YES;
				CLANG_WARN_ENUM_CONVERSION = YES;
				CLANG_WARN_INFINITE_RECURSION = YES;
				CLANG_WARN_INT_CONVERSION = YES;
				CLANG_WARN_NON_LITERAL_NULL_CONVERSION = YES;
				CLANG_WARN_OBJC_IMPLICIT_RETAIN_SELF = YES;
				CLANG_WARN_OBJC_LITERAL_CONVERSION = YES;
				CLANG_WARN_OBJC_ROOT_CLASS = YES_ERROR;
				CLANG_WARN_QUOTED_INCLUDE_IN_FRAMEWORK_HEADER = YES;
				CLANG_WARN_RANGE_LOOP_ANALYSIS = YES;
				CLANG_WARN_STRICT_PROTOTYPES = YES;
				CLANG_WARN_SUSPICIOUS_MOVE = YES;
				CLANG_WARN_UNGUARDED_AVAILABILITY = YES_AGGRESSIVE;
				CLANG_WARN_UNREACHABLE_CODE = YES;
				CLANG_WARN__DUPLICATE_METHOD_MATCH = YES;
				COPY_PHASE_STRIP = NO;
				DEBUG_INFORMATION_FORMAT = dwarf;
				ENABLE_STRICT_OBJC_MSGSEND = YES;
				ENABLE_TESTABILITY = YES;
				ENABLE_USER_SCRIPT_SANDBOXING = YES;
				GCC_C_LANGUAGE_STANDARD = gnu17;
				GCC_DYNAMIC_NO_PIC = NO;
				GCC_NO_COMMON_BLOCKS = YES;
				GCC_OPTIMIZATION_LEVEL = 0;
				GCC_PREPROCESSOR_DEFINITIONS = (
					"DEBUG=1",
					"$(inherited)",
				);
				GCC_WARN_64_TO_32_BIT_CONVERSION = YES;
				GCC_WARN_ABOUT_RETURN_TYPE = YES_ERROR;
				GCC_WARN_UNDECLARED_SELECTOR = YES;
				GCC_WARN_UNINITIALIZED_AUTOS = YES_AGGRESSIVE;
				GCC_WARN_UNUSED_FUNCTION = YES;
				GCC_WARN_UNUSED_VARIABLE = YES;
				IPHONEOS_DEPLOYMENT_TARGET = 17.2;
				LOCALIZATION_PREFERS_STRING_CATALOGS = YES;
				MTL_ENABLE_DEBUG_INFO = INCLUDE_SOURCE;
				MTL_FAST_MATH = YES;
				ONLY_ACTIVE_ARCH = YES;
				SDKROOT = iphoneos;
				SWIFT_ACTIVE_COMPILATION_CONDITIONS = "DEBUG $(inherited)";
				SWIFT_OPTIMIZATION_LEVEL = "-Onone";
			};
			name = Debug;
		};
		A9C0E4932B5E8B5000453744 /* Release */ = {
			isa = XCBuildConfiguration;
			buildSettings = {
				ALWAYS_SEARCH_USER_PATHS = NO;
				ASSETCATALOG_COMPILER_GENERATE_SWIFT_ASSET_SYMBOL_EXTENSIONS = YES;
				CLANG_ANALYZER_NONNULL = YES;
				CLANG_ANALYZER_NUMBER_OBJECT_CONVERSION = YES_AGGRESSIVE;
				CLANG_CXX_LANGUAGE_STANDARD = "gnu++20";
				CLANG_ENABLE_MODULES = YES;
				CLANG_ENABLE_OBJC_ARC = YES;
				CLANG_ENABLE_OBJC_WEAK = YES;
				CLANG_WARN_BLOCK_CAPTURE_AUTORELEASING = YES;
				CLANG_WARN_BOOL_CONVERSION = YES;
				CLANG_WARN_COMMA = YES;
				CLANG_WARN_CONSTANT_CONVERSION = YES;
				CLANG_WARN_DEPRECATED_OBJC_IMPLEMENTATIONS = YES;
				CLANG_WARN_DIRECT_OBJC_ISA_USAGE = YES_ERROR;
				CLANG_WARN_DOCUMENTATION_COMMENTS = YES;
				CLANG_WARN_EMPTY_BODY = YES;
				CLANG_WARN_ENUM_CONVERSION = YES;
				CLANG_WARN_INFINITE_RECURSION = YES;
				CLANG_WARN_INT_CONVERSION = YES;
				CLANG_WARN_NON_LITERAL_NULL_CONVERSION = YES;
				CLANG_WARN_OBJC_IMPLICIT_RETAIN_SELF = YES;
				CLANG_WARN_OBJC_LITERAL_CONVERSION = YES;
				CLANG_WARN_OBJC_ROOT_CLASS = YES_ERROR;
				CLANG_WARN_QUOTED_INCLUDE_IN_FRAMEWORK_HEADER = YES;
				CLANG_WARN_RANGE_LOOP_ANALYSIS = YES;
				CLANG_WARN_STRICT_PROTOTYPES = YES;
				CLANG_WARN_SUSPICIOUS_MOVE = YES;
				CLANG_WARN_UNGUARDED_AVAILABILITY = YES_AGGRESSIVE;
				CLANG_WARN_UNREACHABLE_CODE = YES;
				CLANG_WARN__DUPLICATE_METHOD_MATCH = YES;
				COPY_PHASE_STRIP = NO;
				DEBUG_INFORMATION_FORMAT = "dwarf-with-dsym";
				ENABLE_NS_ASSERTIONS = NO;
				ENABLE_STRICT_OBJC_MSGSEND = YES;
				ENABLE_USER_SCRIPT_SANDBOXING = YES;
				GCC_C_LANGUAGE_STANDARD = gnu17;
				GCC_NO_COMMON_BLOCKS = YES;
				GCC_WARN_64_TO_32_BIT_CONVERSION = YES;
				GCC_WARN_ABOUT_RETURN_TYPE = YES_ERROR;
				GCC_WARN_UNDECLARED_SELECTOR = YES;
				GCC_WARN_UNINITIALIZED_AUTOS = YES_AGGRESSIVE;
				GCC_WARN_UNUSED_FUNCTION = YES;
				GCC_WARN_UNUSED_VARIABLE = YES;
				IPHONEOS_DEPLOYMENT_TARGET = 17.2;
				LOCALIZATION_PREFERS_STRING_CATALOGS = YES;
				MTL_ENABLE_DEBUG_INFO = NO;
				MTL_FAST_MATH = YES;
				SDKROOT = iphoneos;
				SWIFT_COMPILATION_MODE = wholemodule;
				VALIDATE_PRODUCT = YES;
			};
			name = Release;
		};
		A9C0E4952B5E8B5000453744 /* Debug */ = {
			isa = XCBuildConfiguration;
			buildSettings = {
				ASSETCATALOG_COMPILER_APPICON_NAME = AppIcon;
				ASSETCATALOG_COMPILER_GLOBAL_ACCENT_COLOR_NAME = AccentColor;
				CODE_SIGN_STYLE = Automatic;
				CURRENT_PROJECT_VERSION = 1;
				DEVELOPMENT_ASSET_PATHS = "\"MakepadLibrarySample/Preview Content\"";
				DEVELOPMENT_TEAM = ABCDEFGHIJ;
				ENABLE_PREVIEWS = YES;
				GENERATE_INFOPLIST_FILE = YES;
				INFOPLIST_FILE = MakepadLibrarySample/Info.plist;
				INFOPLIST_KEY_UIApplicationSceneManifest_Generation = YES;
				INFOPLIST_KEY_UIApplicationSupportsIndirectInputEvents = YES;
				INFOPLIST_KEY_UILaunchScreen_Generation = YES;
				INFOPLIST_KEY_UISupportedInterfaceOrientations_iPad = "UIInterfaceOrientationPortrait UIInterfaceOrientationPortraitUpsideDown UIInterfaceOrientationLandscapeLeft UIInterfaceOrientationLandscapeRight";
				INFOPLIST_KEY_UISupportedInterfaceOrientations_iPhone = "UIInterfaceOrientationPortrait UIInterfaceOrientationLandscapeLeft UIInterfaceOrientationLandscapeRight";
				IPHONEOS_DEPLOYMENT_TARGET = 16.0;
				LD_RUNPATH_SEARCH_PATHS = (
					"$(inherited)",
					"@executable_path/Frameworks",
				);
				MARKETING_VERSION = 1.0;
				PRODUCT_BUNDLE_IDENTIFIER = de.ajoklar.MakepadLibrarySample;
				PRODUCT_NAME = "$(TARGET_NAME)";
				SWIFT_EMIT_LOC_STRINGS = YES;
				SWIFT_VERSION = 5.0;
				TARGETED_DEVICE_FAMILY = "1,2";
			};
			name = Debug;
		};
		A9C0E4962B5E8B5000453744 /* Release */ = {
			isa = XCBuildConfiguration;
			buildSettings = {
				ASSETCATALOG_COMPILER_APPICON_NAME = AppIcon;
				ASSETCATALOG_COMPILER_GLOBAL_ACCENT_COLOR_NAME = AccentColor;
				CODE_SIGN_STYLE = Automatic;
				CURRENT_PROJECT_VERSION = 1;
				DEVELOPMENT_ASSET_PATHS = "\"MakepadLibrarySample/Preview Content\"";
				DEVELOPMENT_TEAM = ABCDEFGHIJ;
				ENABLE_PREVIEWS = YES;
				GENERATE_INFOPLIST_FILE = YES;
				INFOPLIST_FILE = MakepadLibrarySample/Info.plist;
				INFOPLIST_KEY_UIApplicationSceneManifest_Generation = YES;
				INFOPLIST_KEY_UIApplicationSupportsIndirectInputEvents = YES;
				INFOPLIST_KEY_UILaunchScreen_Generation = YES;
				INFOPLIST_KEY_UISupportedInterfaceOrientations_iPad = "UIInterfaceOrientationPortrait UIInterfaceOrientationPortraitUpsideDown UIInterfaceOrientationLandscapeLeft UIInterfaceOrientationLandscapeRight";
				INFOPLIST_KEY_UISupportedInterfaceOrientations_iPhone = "UIInterfaceOrientationPortrait UIInterfaceOrientationLandscapeLeft UIInterfaceOrientationLandscapeRight";
				IPHONEOS_DEPLOYMENT_TARGET = 16.0;
				LD_RUNPATH_SEARCH_PATHS = (
					"$(inherited)",
					"@executable_path/Frameworks",
				);
				MARKETING_VERSION = 1.0;
				PRODUCT_BUNDLE_IDENTIFIER = de.ajoklar.MakepadLibrarySample;
				PRODUCT_NAME = "$(TARGET_NAME)";
				SWIFT_EMIT_LOC_STRINGS = YES;
				SWIFT_VERSION = 5.0;
				TARGETED_DEVICE_FAMILY = "1,2";
			};
			name = Release;
		};
/* End XCBuildConfiguration section */

/* Begin XCConfigurationList section */
		A9C0E4812B5E8B4F00453744 /* Build configuration list for PBXProject "MakepadLibrarySample" */ = {
			isa = XCConfigurationList;
			buildConfigurations = (
				A9C0E4922B5E8B5000453744 /* Debug */,
				A9C0E4932B5E8B5000453744 /* Release */,
			);
			defaultConfigurationIsVisible = 0;
			defaultConfigurationName = Release;
		};
		A9C0E4942B5E8B5000453744 /* Build configuration list for PBXNativeTarget "MakepadLibrarySample" */ = {
			isa = XCConfigurationList;
			buildConfigurations = (
				A9C0E4952B5E8B5000453744 /* Debug */,
				A9C0E4962B5E8B5000453744 /* Release */,
			);
			defaultConfigurationIsVisible = 0;
			defaultConfigurationName = Release;
		};
/* End XCConfigurationList section */

/* Begin XCLocalSwiftPackageReference section */
		A95BADF22B7A3AC3007DB7D3 /* XCLocalSwiftPackageReference ".." */ = {
			isa = XCLocalSwiftPackageReference;
			relativePath = ..;
		};
/* End XCLocalSwiftPackageReference section */

/* Begin XCSwiftPackageProductDependency section */
		A95BADF32B7A3AC3007DB7D3 /* MakepadSample */ = {
			isa = XCSwiftPackageProductDependency;
			productName = MakepadSample;
		};
/* End XCSwiftPackageProductDependency section */
	};
	rootObject = A9C0E47E2B5E8B4F00453744 /* Project object */;
}
